
Microsoft Visual Studio Solution File, Format Version 11.00
# Visual Studio 2010
Project("{0CF7CB3E-6014-1E24-A8BC-D3BA880036BB}") = "Ultimate Tic Tac Toe", "Assembly-UnityScript.unityproj", "{1DCAD32A-C8A9-CEFB-D490-206DE3492C38}"
EndProject
Global
	GlobalSection(SolutionConfigurationPlatforms) = preSolution
		Debug|Any CPU = Debug|Any CPU
		Release|Any CPU = Release|Any CPU
	EndGlobalSection
	GlobalSection(ProjectConfigurationPlatforms) = postSolution
		{1DCAD32A-C8A9-CEFB-D490-206DE3492C38}.Debug|Any CPU.ActiveCfg = Debug|Any CPU
		{1DCAD32A-C8A9-CEFB-D490-206DE3492C38}.Debug|Any CPU.Build.0 = Debug|Any CPU
		{1DCAD32A-C8A9-CEFB-D490-206DE3492C38}.Release|Any CPU.ActiveCfg = Release|Any CPU
		{1DCAD32A-C8A9-CEFB-D490-206DE3492C38}.Release|Any CPU.Build.0 = Release|Any CPU
	EndGlobalSection
	GlobalSection(SolutionProperties) = preSolution
		HideSolutionNode = FALSE
	EndGlobalSection
	GlobalSection(MonoDevelopProperties) = preSolution
		StartupItem = Assembly-CSharp.csproj
	EndGlobalSection
EndGlobal
